// !$*UTF8*$!
{
	archiveVersion = 1;
	classes = {
	};
	objectVersion = 47;
	objects = {

/* Begin PBXBuildFile section */
		8C6E75991C52EF8E00BA3818 /* AppDelegate.swift in Sources */ = {isa = PBXBuildFile; fileRef = 8C6E75981C52EF8E00BA3818 /* AppDelegate.swift */; };
		8C6E759B1C52EF8E00BA3818 /* ViewController.swift in Sources */ = {isa = PBXBuildFile; fileRef = 8C6E759A1C52EF8E00BA3818 /* ViewController.swift */; };
		8C6E759E1C52EF8E00BA3818 /* Main.storyboard in Resources */ = {isa = PBXBuildFile; fileRef = 8C6E759C1C52EF8E00BA3818 /* Main.storyboard */; };
		8C6E75A01C52EF8E00BA3818 /* Assets.xcassets in Resources */ = {isa = PBXBuildFile; fileRef = 8C6E759F1C52EF8E00BA3818 /* Assets.xcassets */; };
		8C6E75A31C52EF8E00BA3818 /* LaunchScreen.storyboard in Resources */ = {isa = PBXBuildFile; fileRef = 8C6E75A11C52EF8E00BA3818 /* LaunchScreen.storyboard */; };
		8C6E75AE1C52EF8E00BA3818 /* TipcatTests.swift in Sources */ = {isa = PBXBuildFile; fileRef = 8C6E75AD1C52EF8E00BA3818 /* TipcatTests.swift */; };
		8C6E75B91C52EF8E00BA3818 /* TipcatUITests.swift in Sources */ = {isa = PBXBuildFile; fileRef = 8C6E75B81C52EF8E00BA3818 /* TipcatUITests.swift */; };
/* End PBXBuildFile section */

/* Begin PBXContainerItemProxy section */
		8C6E75AA1C52EF8E00BA3818 /* PBXContainerItemProxy */ = {
			isa = PBXContainerItemProxy;
			containerPortal = 8C6E758D1C52EF8E00BA3818 /* Project object */;
			proxyType = 1;
			remoteGlobalIDString = 8C6E75941C52EF8E00BA3818;
			remoteInfo = Tipcat;
		};
		8C6E75B51C52EF8E00BA3818 /* PBXContainerItemProxy */ = {
			isa = PBXContainerItemProxy;
			containerPortal = 8C6E758D1C52EF8E00BA3818 /* Project object */;
			proxyType = 1;
			remoteGlobalIDString = 8C6E75941C52EF8E00BA3818;
			remoteInfo = Tipcat;
		};
/* End PBXContainerItemProxy section */

/* Begin PBXFileReference section */
		8C6E75951C52EF8E00BA3818 /* Tipcat.app */ = {isa = PBXFileReference; explicitFileType = wrapper.application; includeInIndex = 0; path = Tipcat.app; sourceTree = BUILT_PRODUCTS_DIR; };
		8C6E75981C52EF8E00BA3818 /* AppDelegate.swift */ = {isa = PBXFileReference; lastKnownFileType = sourcecode.swift; path = AppDelegate.swift; sourceTree = "<group>"; };
		8C6E759A1C52EF8E00BA3818 /* ViewController.swift */ = {isa = PBXFileReference; lastKnownFileType = sourcecode.swift; path = ViewController.swift; sourceTree = "<group>"; };
		8C6E759D1C52EF8E00BA3818 /* Base */ = {isa = PBXFileReference; lastKnownFileType = file.storyboard; name = Base; path = Base.lproj/Main.storyboard; sourceTree = "<group>"; };
		8C6E759F1C52EF8E00BA3818 /* Assets.xcassets */ = {isa = PBXFileReference; lastKnownFileType = folder.assetcatalog; path = Assets.xcassets; sourceTree = "<group>"; };
		8C6E75A21C52EF8E00BA3818 /* Base */ = {isa = PBXFileReference; lastKnownFileType = file.storyboard; name = Base; path = Base.lproj/LaunchScreen.storyboard; sourceTree = "<group>"; };
		8C6E75A41C52EF8E00BA3818 /* Info.plist */ = {isa = PBXFileReference; lastKnownFileType = text.plist.xml; path = Info.plist; sourceTree = "<group>"; };
		8C6E75A91C52EF8E00BA3818 /* TipcatTests.xctest */ = {isa = PBXFileReference; explicitFileType = wrapper.cfbundle; includeInIndex = 0; path = TipcatTests.xctest; sourceTree = BUILT_PRODUCTS_DIR; };
		8C6E75AD1C52EF8E00BA3818 /* TipcatTests.swift */ = {isa = PBXFileReference; lastKnownFileType = sourcecode.swift; path = TipcatTests.swift; sourceTree = "<group>"; };
		8C6E75AF1C52EF8E00BA3818 /* Info.plist */ = {isa = PBXFileReference; lastKnownFileType = text.plist.xml; path = Info.plist; sourceTree = "<group>"; };
		8C6E75B41C52EF8E00BA3818 /* TipcatUITests.xctest */ = {isa = PBXFileReference; explicitFileType = wrapper.cfbundle; includeInIndex = 0; path = TipcatUITests.xctest; sourceTree = BUILT_PRODUCTS_DIR; };
		8C6E75B81C52EF8E00BA3818 /* TipcatUITests.swift */ = {isa = PBXFileReference; lastKnownFileType = sourcecode.swift; path = TipcatUITests.swift; sourceTree = "<group>"; };
		8C6E75BA1C52EF8E00BA3818 /* Info.plist */ = {isa = PBXFileReference; lastKnownFileType = text.plist.xml; path = Info.plist; sourceTree = "<group>"; };
/* End PBXFileReference section */

/* Begin PBXFrameworksBuildPhase section */
		8C6E75921C52EF8E00BA3818 /* Frameworks */ = {
			isa = PBXFrameworksBuildPhase;
			buildActionMask = 2147483647;
			files = (
			);
			runOnlyForDeploymentPostprocessing = 0;
		};
		8C6E75A61C52EF8E00BA3818 /* Frameworks */ = {
			isa = PBXFrameworksBuildPhase;
			buildActionMask = 2147483647;
			files = (
			);
			runOnlyForDeploymentPostprocessing = 0;
		};
		8C6E75B11C52EF8E00BA3818 /* Frameworks */ = {
			isa = PBXFrameworksBuildPhase;
			buildActionMask = 2147483647;
			files = (
			);
			runOnlyForDeploymentPostprocessing = 0;
		};
/* End PBXFrameworksBuildPhase section */

/* Begin PBXGroup section */
		8C6E758C1C52EF8E00BA3818 = {
			isa = PBXGroup;
			children = (
				8C6E75971C52EF8E00BA3818 /* Tipcat */,
				8C6E75AC1C52EF8E00BA3818 /* TipcatTests */,
				8C6E75B71C52EF8E00BA3818 /* TipcatUITests */,
				8C6E75961C52EF8E00BA3818 /* Products */,
			);
			sourceTree = "<group>";
		};
		8C6E75961C52EF8E00BA3818 /* Products */ = {
			isa = PBXGroup;
			children = (
				8C6E75951C52EF8E00BA3818 /* Tipcat.app */,
				8C6E75A91C52EF8E00BA3818 /* TipcatTests.xctest */,
				8C6E75B41C52EF8E00BA3818 /* TipcatUITests.xctest */,
			);
			name = Products;
			sourceTree = "<group>";
		};
		8C6E75971C52EF8E00BA3818 /* Tipcat */ = {
			isa = PBXGroup;
			children = (
				8C6E75981C52EF8E00BA3818 /* AppDelegate.swift */,
				8C6E759A1C52EF8E00BA3818 /* ViewController.swift */,
				8C6E759C1C52EF8E00BA3818 /* Main.storyboard */,
				8C6E759F1C52EF8E00BA3818 /* Assets.xcassets */,
				8C6E75A11C52EF8E00BA3818 /* LaunchScreen.storyboard */,
				8C6E75A41C52EF8E00BA3818 /* Info.plist */,
			);
			path = Tipcat;
			sourceTree = "<group>";
		};
		8C6E75AC1C52EF8E00BA3818 /* TipcatTests */ = {
			isa = PBXGroup;
			children = (
				8C6E75AD1C52EF8E00BA3818 /* TipcatTests.swift */,
				8C6E75AF1C52EF8E00BA3818 /* Info.plist */,
			);
			path = TipcatTests;
			sourceTree = "<group>";
		};
		8C6E75B71C52EF8E00BA3818 /* TipcatUITests */ = {
			isa = PBXGroup;
			children = (
				8C6E75B81C52EF8E00BA3818 /* TipcatUITests.swift */,
				8C6E75BA1C52EF8E00BA3818 /* Info.plist */,
			);
			path = TipcatUITests;
			sourceTree = "<group>";
		};
/* End PBXGroup section */

/* Begin PBXNativeTarget section */
		8C6E75941C52EF8E00BA3818 /* Tipcat */ = {
			isa = PBXNativeTarget;
			buildConfigurationList = 8C6E75BD1C52EF8E00BA3818 /* Build configuration list for PBXNativeTarget "Tipcat" */;
			buildPhases = (
				8C6E75911C52EF8E00BA3818 /* Sources */,
				8C6E75921C52EF8E00BA3818 /* Frameworks */,
				8C6E75931C52EF8E00BA3818 /* Resources */,
			);
			buildRules = (
			);
			dependencies = (
			);
			name = Tipcat;
			productName = Tipcat;
			productReference = 8C6E75951C52EF8E00BA3818 /* Tipcat.app */;
			productType = "com.apple.product-type.application";
		};
		8C6E75A81C52EF8E00BA3818 /* TipcatTests */ = {
			isa = PBXNativeTarget;
			buildConfigurationList = 8C6E75C01C52EF8E00BA3818 /* Build configuration list for PBXNativeTarget "TipcatTests" */;
			buildPhases = (
				8C6E75A51C52EF8E00BA3818 /* Sources */,
				8C6E75A61C52EF8E00BA3818 /* Frameworks */,
				8C6E75A71C52EF8E00BA3818 /* Resources */,
			);
			buildRules = (
			);
			dependencies = (
				8C6E75AB1C52EF8E00BA3818 /* PBXTargetDependency */,
			);
			name = TipcatTests;
			productName = TipcatTests;
			productReference = 8C6E75A91C52EF8E00BA3818 /* TipcatTests.xctest */;
			productType = "com.apple.product-type.bundle.unit-test";
		};
		8C6E75B31C52EF8E00BA3818 /* TipcatUITests */ = {
			isa = PBXNativeTarget;
			buildConfigurationList = 8C6E75C31C52EF8E00BA3818 /* Build configuration list for PBXNativeTarget "TipcatUITests" */;
			buildPhases = (
				8C6E75B01C52EF8E00BA3818 /* Sources */,
				8C6E75B11C52EF8E00BA3818 /* Frameworks */,
				8C6E75B21C52EF8E00BA3818 /* Resources */,
			);
			buildRules = (
			);
			dependencies = (
				8C6E75B61C52EF8E00BA3818 /* PBXTargetDependency */,
			);
			name = TipcatUITests;
			productName = TipcatUITests;
			productReference = 8C6E75B41C52EF8E00BA3818 /* TipcatUITests.xctest */;
			productType = "com.apple.product-type.bundle.ui-testing";
		};
/* End PBXNativeTarget section */

/* Begin PBXProject section */
		8C6E758D1C52EF8E00BA3818 /* Project object */ = {
			isa = PBXProject;
			attributes = {
				LastSwiftUpdateCheck = 0720;
				LastUpgradeCheck = 0720;
				ORGANIZATIONNAME = gravitymax;
				TargetAttributes = {
					8C6E75941C52EF8E00BA3818 = {
						CreatedOnToolsVersion = 7.2;
						DevelopmentTeam = XT83TB4N79;
					};
					8C6E75A81C52EF8E00BA3818 = {
						CreatedOnToolsVersion = 7.2;
						DevelopmentTeam = XT83TB4N79;
						TestTargetID = 8C6E75941C52EF8E00BA3818;
					};
					8C6E75B31C52EF8E00BA3818 = {
						CreatedOnToolsVersion = 7.2;
						DevelopmentTeam = XT83TB4N79;
						TestTargetID = 8C6E75941C52EF8E00BA3818;
					};
				};
			};
			buildConfigurationList = 8C6E75901C52EF8E00BA3818 /* Build configuration list for PBXProject "Tipcat" */;
			compatibilityVersion = "Xcode 6.3";
			developmentRegion = English;
			hasScannedForEncodings = 0;
			knownRegions = (
				en,
				Base,
			);
			mainGroup = 8C6E758C1C52EF8E00BA3818;
			productRefGroup = 8C6E75961C52EF8E00BA3818 /* Products */;
			projectDirPath = "";
			projectRoot = "";
			targets = (
				8C6E75941C52EF8E00BA3818 /* Tipcat */,
				8C6E75A81C52EF8E00BA3818 /* TipcatTests */,
				8C6E75B31C52EF8E00BA3818 /* TipcatUITests */,
			);
		};
/* End PBXProject section */

/* Begin PBXResourcesBuildPhase section */
		8C6E75931C52EF8E00BA3818 /* Resources */ = {
			isa = PBXResourcesBuildPhase;
			buildActionMask = 2147483647;
			files = (
				8C6E75A31C52EF8E00BA3818 /* LaunchScreen.storyboard in Resources */,
				8C6E75A01C52EF8E00BA3818 /* Assets.xcassets in Resources */,
				8C6E759E1C52EF8E00BA3818 /* Main.storyboard in Resources */,
			);
			runOnlyForDeploymentPostprocessing = 0;
		};
		8C6E75A71C52EF8E00BA3818 /* Resources */ = {
			isa = PBXResourcesBuildPhase;
			buildActionMask = 2147483647;
			files = (
			);
			runOnlyForDeploymentPostprocessing = 0;
		};
		8C6E75B21C52EF8E00BA3818 /* Resources */ = {
			isa = PBXResourcesBuildPhase;
			buildActionMask = 2147483647;
			files = (
			);
			runOnlyForDeploymentPostprocessing = 0;
		};
/* End PBXResourcesBuildPhase section */

/* Begin PBXSourcesBuildPhase section */
		8C6E75911C52EF8E00BA3818 /* Sources */ = {
			isa = PBXSourcesBuildPhase;
			buildActionMask = 2147483647;
			files = (
				8C6E759B1C52EF8E00BA3818 /* ViewController.swift in Sources */,
				8C6E75991C52EF8E00BA3818 /* AppDelegate.swift in Sources */,
			);
			runOnlyForDeploymentPostprocessing = 0;
		};
		8C6E75A51C52EF8E00BA3818 /* Sources */ = {
			isa = PBXSourcesBuildPhase;
			buildActionMask = 2147483647;
			files = (
				8C6E75AE1C52EF8E00BA3818 /* TipcatTests.swift in Sources */,
			);
			runOnlyForDeploymentPostprocessing = 0;
		};
		8C6E75B01C52EF8E00BA3818 /* Sources */ = {
			isa = PBXSourcesBuildPhase;
			buildActionMask = 2147483647;
			files = (
				8C6E75B91C52EF8E00BA3818 /* TipcatUITests.swift in Sources */,
			);
			runOnlyForDeploymentPostprocessing = 0;
		};
/* End PBXSourcesBuildPhase section */

/* Begin PBXTargetDependency section */
		8C6E75AB1C52EF8E00BA3818 /* PBXTargetDependency */ = {
			isa = PBXTargetDependency;
			target = 8C6E75941C52EF8E00BA3818 /* Tipcat */;
			targetProxy = 8C6E75AA1C52EF8E00BA3818 /* PBXContainerItemProxy */;
		};
		8C6E75B61C52EF8E00BA3818 /* PBXTargetDependency */ = {
			isa = PBXTargetDependency;
			target = 8C6E75941C52EF8E00BA3818 /* Tipcat */;
			targetProxy = 8C6E75B51C52EF8E00BA3818 /* PBXContainerItemProxy */;
		};
/* End PBXTargetDependency section */

/* Begin PBXVariantGroup section */
		8C6E759C1C52EF8E00BA3818 /* Main.storyboard */ = {
			isa = PBXVariantGroup;
			children = (
				8C6E759D1C52EF8E00BA3818 /* Base */,
			);
			name = Main.storyboard;
			sourceTree = "<group>";
		};
		8C6E75A11C52EF8E00BA3818 /* LaunchScreen.storyboard */ = {
			isa = PBXVariantGroup;
			children = (
				8C6E75A21C52EF8E00BA3818 /* Base */,
			);
			name = LaunchScreen.storyboard;
			sourceTree = "<group>";
		};
/* End PBXVariantGroup section */

/* Begin XCBuildConfiguration section */
		8C6E75BB1C52EF8E00BA3818 /* Debug */ = {
			isa = XCBuildConfiguration;
			buildSettings = {
				ALWAYS_SEARCH_USER_PATHS = NO;
				CLANG_CXX_LANGUAGE_STANDARD = "gnu++0x";
				CLANG_CXX_LIBRARY = "libc++";
				CLANG_ENABLE_MODULES = YES;
				CLANG_ENABLE_OBJC_ARC = YES;
				CLANG_WARN_BOOL_CONVERSION = YES;
				CLANG_WARN_CONSTANT_CONVERSION = YES;
				CLANG_WARN_DIRECT_OBJC_ISA_USAGE = YES_ERROR;
				CLANG_WARN_EMPTY_BODY = YES;
				CLANG_WARN_ENUM_CONVERSION = YES;
				CLANG_WARN_INT_CONVERSION = YES;
				CLANG_WARN_OBJC_ROOT_CLASS = YES_ERROR;
				CLANG_WARN_UNREACHABLE_CODE = YES;
				CLANG_WARN__DUPLICATE_METHOD_MATCH = YES;
				"CODE_SIGN_IDENTITY[sdk=iphoneos*]" = "iPhone Developer";
				COPY_PHASE_STRIP = NO;
				DEBUG_INFORMATION_FORMAT = dwarf;
				ENABLE_STRICT_OBJC_MSGSEND = YES;
				ENABLE_TESTABILITY = YES;
				GCC_C_LANGUAGE_STANDARD = gnu99;
				GCC_DYNAMIC_NO_PIC = NO;
				GCC_NO_COMMON_BLOCKS = YES;
				GCC_OPTIMIZATION_LEVEL = 0;
				GCC_PREPROCESSOR_DEFINITIONS = (
					"DEBUG=1",
					"$(inherited)",
				);
				GCC_WARN_64_TO_32_BIT_CONVERSION = YES;
				GCC_WARN_ABOUT_RETURN_TYPE = YES_ERROR;
				GCC_WARN_UNDECLARED_SELECTOR = YES;
				GCC_WARN_UNINITIALIZED_AUTOS = YES_AGGRESSIVE;
				GCC_WARN_UNUSED_FUNCTION = YES;
				GCC_WARN_UNUSED_VARIABLE = YES;
				IPHONEOS_DEPLOYMENT_TARGET = 9.2;
				MTL_ENABLE_DEBUG_INFO = YES;
				ONLY_ACTIVE_ARCH = YES;
				SDKROOT = iphoneos;
				SWIFT_OPTIMIZATION_LEVEL = "-Onone";
			};
			name = Debug;
		};
		8C6E75BC1C52EF8E00BA3818 /* Release */ = {
			isa = XCBuildConfiguration;
			buildSettings = {
				ALWAYS_SEARCH_USER_PATHS = NO;
				CLANG_CXX_LANGUAGE_STANDARD = "gnu++0x";
				CLANG_CXX_LIBRARY = "libc++";
				CLANG_ENABLE_MODULES = YES;
				CLANG_ENABLE_OBJC_ARC = YES;
				CLANG_WARN_BOOL_CONVERSION = YES;
				CLANG_WARN_CONSTANT_CONVERSION = YES;
				CLANG_WARN_DIRECT_OBJC_ISA_USAGE = YES_ERROR;
				CLANG_WARN_EMPTY_BODY = YES;
				CLANG_WARN_ENUM_CONVERSION = YES;
				CLANG_WARN_INT_CONVERSION = YES;
				CLANG_WARN_OBJC_ROOT_CLASS = YES_ERROR;
				CLANG_WARN_UNREACHABLE_CODE = YES;
				CLANG_WARN__DUPLICATE_METHOD_MATCH = YES;
				"CODE_SIGN_IDENTITY[sdk=iphoneos*]" = "iPhone Developer";
				COPY_PHASE_STRIP = NO;
				DEBUG_INFORMATION_FORMAT = "dwarf-with-dsym";
				ENABLE_NS_ASSERTIONS = NO;
				ENABLE_STRICT_OBJC_MSGSEND = YES;
				GCC_C_LANGUAGE_STANDARD = gnu99;
				GCC_NO_COMMON_BLOCKS = YES;
				GCC_WARN_64_TO_32_BIT_CONVERSION = YES;
				GCC_WARN_ABOUT_RETURN_TYPE = YES_ERROR;
				GCC_WARN_UNDECLARED_SELECTOR = YES;
				GCC_WARN_UNINITIALIZED_AUTOS = YES_AGGRESSIVE;
				GCC_WARN_UNUSED_FUNCTION = YES;
				GCC_WARN_UNUSED_VARIABLE = YES;
				IPHONEOS_DEPLOYMENT_TARGET = 9.2;
				MTL_ENABLE_DEBUG_INFO = NO;
				SDKROOT = iphoneos;
				VALIDATE_PRODUCT = YES;
			};
			name = Release;
		};
		8C6E75BE1C52EF8E00BA3818 /* Debug */ = {
			isa = XCBuildConfiguration;
			buildSettings = {
				ASSETCATALOG_COMPILER_APPICON_NAME = AppIcon;
				CODE_SIGN_IDENTITY = "iPhone Developer";
				"CODE_SIGN_IDENTITY[sdk=iphoneos*]" = "iPhone Developer";
				INFOPLIST_FILE = Tipcat/Info.plist;
				IPHONEOS_DEPLOYMENT_TARGET = 9.2;
				LD_RUNPATH_SEARCH_PATHS = "$(inherited) @executable_path/Frameworks";
				PRODUCT_BUNDLE_IDENTIFIER = com.gravitymax.Tipcats;
				PRODUCT_NAME = "$(TARGET_NAME)";
				PROVISIONING_PROFILE = "";
				TARGETED_DEVICE_FAMILY = 1;
			};
			name = Debug;
		};
		8C6E75BF1C52EF8E00BA3818 /* Release */ = {
			isa = XCBuildConfiguration;
			buildSettings = {
				ASSETCATALOG_COMPILER_APPICON_NAME = AppIcon;
				CODE_SIGN_IDENTITY = "iPhone Developer";
				"CODE_SIGN_IDENTITY[sdk=iphoneos*]" = "iPhone Developer";
				INFOPLIST_FILE = Tipcat/Info.plist;
				IPHONEOS_DEPLOYMENT_TARGET = 9.2;
				LD_RUNPATH_SEARCH_PATHS = "$(inherited) @executable_path/Frameworks";
				PRODUCT_BUNDLE_IDENTIFIER = com.gravitymax.Tipcats;
				PRODUCT_NAME = "$(TARGET_NAME)";
				PROVISIONING_PROFILE = "";
				TARGETED_DEVICE_FAMILY = 1;
			};
			name = Release;
		};
		8C6E75C11C52EF8E00BA3818 /* Debug */ = {
			isa = XCBuildConfiguration;
			buildSettings = {
				BUNDLE_LOADER = "$(TEST_HOST)";
				INFOPLIST_FILE = TipcatTests/Info.plist;
				LD_RUNPATH_SEARCH_PATHS = "$(inherited) @executable_path/Frameworks @loader_path/Frameworks";
				PRODUCT_BUNDLE_IDENTIFIER = com.gravitymax.TipcatTests;
				PRODUCT_NAME = "$(TARGET_NAME)";
				TEST_HOST = "$(BUILT_PRODUCTS_DIR)/Tipcat.app/Tipcat";
			};
			name = Debug;
		};
		8C6E75C21C52EF8E00BA3818 /* Release */ = {
			isa = XCBuildConfiguration;
			buildSettings = {
				BUNDLE_LOADER = "$(TEST_HOST)";
				INFOPLIST_FILE = TipcatTests/Info.plist;
				LD_RUNPATH_SEARCH_PATHS = "$(inherited) @executable_path/Frameworks @loader_path/Frameworks";
				PRODUCT_BUNDLE_IDENTIFIER = com.gravitymax.TipcatTests;
				PRODUCT_NAME = "$(TARGET_NAME)";
				TEST_HOST = "$(BUILT_PRODUCTS_DIR)/Tipcat.app/Tipcat";
			};
			name = Release;
		};
		8C6E75C41C52EF8E00BA3818 /* Debug */ = {
			isa = XCBuildConfiguration;
			buildSettings = {
				INFOPLIST_FILE = TipcatUITests/Info.plist;
				LD_RUNPATH_SEARCH_PATHS = "$(inherited) @executable_path/Frameworks @loader_path/Frameworks";
				PRODUCT_BUNDLE_IDENTIFIER = com.gravitymax.TipcatUITests;
				PRODUCT_NAME = "$(TARGET_NAME)";
				TEST_TARGET_NAME = Tipcat;
				USES_XCTRUNNER = YES;
			};
			name = Debug;
		};
		8C6E75C51C52EF8E00BA3818 /* Release */ = {
			isa = XCBuildConfiguration;
			buildSettings = {
				INFOPLIST_FILE = TipcatUITests/Info.plist;
				LD_RUNPATH_SEARCH_PATHS = "$(inherited) @executable_path/Frameworks @loader_path/Frameworks";
				PRODUCT_BUNDLE_IDENTIFIER = com.gravitymax.TipcatUITests;
				PRODUCT_NAME = "$(TARGET_NAME)";
				TEST_TARGET_NAME = Tipcat;
				USES_XCTRUNNER = YES;
			};
			name = Release;
		};
/* End XCBuildConfiguration section */

/* Begin XCConfigurationList section */
		8C6E75901C52EF8E00BA3818 /* Build configuration list for PBXProject "Tipcat" */ = {
			isa = XCConfigurationList;
			buildConfigurations = (
				8C6E75BB1C52EF8E00BA3818 /* Debug */,
				8C6E75BC1C52EF8E00BA3818 /* Release */,
			);
			defaultConfigurationIsVisible = 0;
			defaultConfigurationName = Release;
		};
		8C6E75BD1C52EF8E00BA3818 /* Build configuration list for PBXNativeTarget "Tipcat" */ = {
			isa = XCConfigurationList;
			buildConfigurations = (
				8C6E75BE1C52EF8E00BA3818 /* Debug */,
				8C6E75BF1C52EF8E00BA3818 /* Release */,
			);
			defaultConfigurationIsVisible = 0;
			defaultConfigurationName = Release;
		};
		8C6E75C01C52EF8E00BA3818 /* Build configuration list for PBXNativeTarget "TipcatTests" */ = {
			isa = XCConfigurationList;
			buildConfigurations = (
				8C6E75C11C52EF8E00BA3818 /* Debug */,
				8C6E75C21C52EF8E00BA3818 /* Release */,
			);
			defaultConfigurationIsVisible = 0;
			defaultConfigurationName = Release;
		};
		8C6E75C31C52EF8E00BA3818 /* Build configuration list for PBXNativeTarget "TipcatUITests" */ = {
			isa = XCConfigurationList;
			buildConfigurations = (
				8C6E75C41C52EF8E00BA3818 /* Debug */,
				8C6E75C51C52EF8E00BA3818 /* Release */,
			);
			defaultConfigurationIsVisible = 0;
			defaultConfigurationName = Release;
		};
/* End XCConfigurationList section */
	};
	rootObject = 8C6E758D1C52EF8E00BA3818 /* Project object */;
}
